
Microsoft Visual Studio Solution File, Format Version 12.00
# Visual Studio Version 16
VisualStudioVersion = 16.0.30611.23
MinimumVisualStudioVersion = 10.0.40219.1
Project("{2150E333-8FDC-42A3-9474-1A3956D46DE8}") = "Microservices", "Microservices", "{D848B0A7-80CA-40C2-8367-2E41F2CF4543}"
EndProject
Project("{2150E333-8FDC-42A3-9474-1A3956D46DE8}") = "Domain", "Domain", "{A7ED050A-1B01-45B0-B3F3-43C3ED7D138E}"
EndProject
Project("{2150E333-8FDC-42A3-9474-1A3956D46DE8}") = "Infra.Bus", "Infra.Bus", "{3A950F2D-ED1E-4EC9-AC8E-E3B1AE6E2EFF}"
EndProject
Project("{2150E333-8FDC-42A3-9474-1A3956D46DE8}") = "Infra.IoC", "Infra.IoC", "{78C75D91-238A-481C-BEB7-3B5F6F720C33}"
EndProject
Project("{9A19103F-16F7-4668-BE54-9A1E7A4F7556}") = "MicroRabbit.Domain.Core", "Domain\MicroRabbit.Domain.Core\MicroRabbit.Domain.Core.csproj", "{4A00741C-A435-4CC3-BBD2-7040BF387AC5}"
EndProject
Project("{9A19103F-16F7-4668-BE54-9A1E7A4F7556}") = "MicroRabbit.Infra.Bus", "Infra.Bus\MicroRabbit.Infra.Bus\MicroRabbit.Infra.Bus.csproj", "{217AFEAD-16D9-4312-8418-538B509F9EBC}"
EndProject
Project("{9A19103F-16F7-4668-BE54-9A1E7A4F7556}") = "MicroRabbit.Infra.IoC", "Infra.IoC\MicroRabbit.Infra.IoC\MicroRabbit.Infra.IoC.csproj", "{8962DC44-FFAA-4F3C-870E-335ADC76C63F}"
EndProject
Project("{2150E333-8FDC-42A3-9474-1A3956D46DE8}") = "Banking", "Banking", "{CC1D9869-FB56-4ED0-A43B-E45D89136BA0}"
EndProject
Project("{2150E333-8FDC-42A3-9474-1A3956D46DE8}") = "Api", "Api", "{46EA5290-7982-4021-82FC-5322AE746838}"
EndProject
Project("{2150E333-8FDC-42A3-9474-1A3956D46DE8}") = "Domain", "Domain", "{77296375-67EA-4C43-8B57-369925FF051A}"
EndProject
Project("{2150E333-8FDC-42A3-9474-1A3956D46DE8}") = "Application", "Application", "{1080FDA2-37E2-4A65-818A-C0BA48E9EEB3}"
EndProject
Project("{2150E333-8FDC-42A3-9474-1A3956D46DE8}") = "Data", "Data", "{BF3710EF-DC55-4EF1-B55D-4635D9090FA6}"
EndProject
Project("{9A19103F-16F7-4668-BE54-9A1E7A4F7556}") = "MicroRabbit.Banking.Api", "MicroServices\Banking\Api\MicroRabbit.Banking.Api\MicroRabbit.Banking.Api.csproj", "{75691590-0E7D-47D6-9E30-261089F68037}"
EndProject
Project("{9A19103F-16F7-4668-BE54-9A1E7A4F7556}") = "MicroRabbit.Banking.Data", "Microservices\Banking\Data\MicroRabbit.Banking.Data\MicroRabbit.Banking.Data.csproj", "{B4D7B6C7-D644-4B3C-9E6E-D9714D6788F4}"
EndProject
Project("{9A19103F-16F7-4668-BE54-9A1E7A4F7556}") = "MicroRabbit.Banking.Application", "Microservices\Banking\Application\MicroRabbit.Banking.Application\MicroRabbit.Banking.Application.csproj", "{B23328BA-C14D-4A92-B40E-27C15694B252}"
EndProject
Project("{9A19103F-16F7-4668-BE54-9A1E7A4F7556}") = "MicroRabbit.Banking.Domain", "Microservices\Banking\Domain\MicroRabbit.Banking.Domain\MicroRabbit.Banking.Domain.csproj", "{6A04C86D-8883-408F-9A59-24FBF0035962}"
EndProject
Project("{2150E333-8FDC-42A3-9474-1A3956D46DE8}") = "Transfer", "Transfer", "{584C3F43-321C-4D2A-8A58-B96B2A9DA183}"
EndProject
Project("{2150E333-8FDC-42A3-9474-1A3956D46DE8}") = "Api", "Api", "{5FF9D8A5-BF0B-48FB-B4BD-16312F191E8D}"
EndProject
Project("{2150E333-8FDC-42A3-9474-1A3956D46DE8}") = "Application", "Application", "{E8B15776-C218-4A2A-9393-F89F5FBC8D3A}"
EndProject
Project("{2150E333-8FDC-42A3-9474-1A3956D46DE8}") = "Domain", "Domain", "{BDC302E8-8A22-459B-888A-ED92A803DB7D}"
EndProject
Project("{2150E333-8FDC-42A3-9474-1A3956D46DE8}") = "Data", "Data", "{CD5EEFAF-8467-48EB-9BAF-6C3594C9409D}"
EndProject
Project("{9A19103F-16F7-4668-BE54-9A1E7A4F7556}") = "MicroRabbit.Transfer.Api", "Microservices\Transfer\Api\MicroRabbit.Transfer.Api\MicroRabbit.Transfer.Api.csproj", "{57F335BC-95FA-4D72-B0E1-B6F49AEDD7E8}"
EndProject
Project("{9A19103F-16F7-4668-BE54-9A1E7A4F7556}") = "MicroRabbit.Transfer.Application", "Microservices\Transfer\Application\MicroRabbit.Transfer.Application\MicroRabbit.Transfer.Application.csproj", "{1A1F246C-2270-4FB9-B842-535DA4A6F330}"
EndProject
Project("{9A19103F-16F7-4668-BE54-9A1E7A4F7556}") = "MicroRabbit.Transfer.Domain", "Microservices\Transfer\Domain\MicroRabbit.Transfer.Domain\MicroRabbit.Transfer.Domain.csproj", "{92F03B67-0EDB-4A23-B4EA-EFEE43DA14BB}"
EndProject
Project("{9A19103F-16F7-4668-BE54-9A1E7A4F7556}") = "MicroRabbit.Transfer.Data", "Microservices\Transfer\Data\MicroRabbit.Transfer.Data\MicroRabbit.Transfer.Data.csproj", "{C27F4571-0C61-4F0C-8636-9590DEE1B6A4}"
EndProject
Project("{2150E333-8FDC-42A3-9474-1A3956D46DE8}") = "Presentation", "Presentation", "{CFE7AD83-9FB2-4376-AF65-2AD51050B2D4}"
EndProject
Project("{9A19103F-16F7-4668-BE54-9A1E7A4F7556}") = "MicroRabbit.MVC", "Presentation\MicroRabbit.MVC\MicroRabbit.MVC.csproj", "{5977C77B-FF5C-46CB-B80B-99C3BA1A2551}"
EndProject
Global
	GlobalSection(SolutionConfigurationPlatforms) = preSolution
		Debug|Any CPU = Debug|Any CPU
		Release|Any CPU = Release|Any CPU
	EndGlobalSection
	GlobalSection(ProjectConfigurationPlatforms) = postSolution
		{4A00741C-A435-4CC3-BBD2-7040BF387AC5}.Debug|Any CPU.ActiveCfg = Debug|Any CPU
		{4A00741C-A435-4CC3-BBD2-7040BF387AC5}.Debug|Any CPU.Build.0 = Debug|Any CPU
		{4A00741C-A435-4CC3-BBD2-7040BF387AC5}.Release|Any CPU.ActiveCfg = Release|Any CPU
		{4A00741C-A435-4CC3-BBD2-7040BF387AC5}.Release|Any CPU.Build.0 = Release|Any CPU
		{217AFEAD-16D9-4312-8418-538B509F9EBC}.Debug|Any CPU.ActiveCfg = Debug|Any CPU
		{217AFEAD-16D9-4312-8418-538B509F9EBC}.Debug|Any CPU.Build.0 = Debug|Any CPU
		{217AFEAD-16D9-4312-8418-538B509F9EBC}.Release|Any CPU.ActiveCfg = Release|Any CPU
		{217AFEAD-16D9-4312-8418-538B509F9EBC}.Release|Any CPU.Build.0 = Release|Any CPU
		{8962DC44-FFAA-4F3C-870E-335ADC76C63F}.Debug|Any CPU.ActiveCfg = Debug|Any CPU
		{8962DC44-FFAA-4F3C-870E-335ADC76C63F}.Debug|Any CPU.Build.0 = Debug|Any CPU
		{8962DC44-FFAA-4F3C-870E-335ADC76C63F}.Release|Any CPU.ActiveCfg = Release|Any CPU
		{8962DC44-FFAA-4F3C-870E-335ADC76C63F}.Release|Any CPU.Build.0 = Release|Any CPU
		{75691590-0E7D-47D6-9E30-261089F68037}.Debug|Any CPU.ActiveCfg = Debug|Any CPU
		{75691590-0E7D-47D6-9E30-261089F68037}.Debug|Any CPU.Build.0 = Debug|Any CPU
		{75691590-0E7D-47D6-9E30-261089F68037}.Release|Any CPU.ActiveCfg = Release|Any CPU
		{75691590-0E7D-47D6-9E30-261089F68037}.Release|Any CPU.Build.0 = Release|Any CPU
		{B4D7B6C7-D644-4B3C-9E6E-D9714D6788F4}.Debug|Any CPU.ActiveCfg = Debug|Any CPU
		{B4D7B6C7-D644-4B3C-9E6E-D9714D6788F4}.Debug|Any CPU.Build.0 = Debug|Any CPU
		{B4D7B6C7-D644-4B3C-9E6E-D9714D6788F4}.Release|Any CPU.ActiveCfg = Release|Any CPU
		{B4D7B6C7-D644-4B3C-9E6E-D9714D6788F4}.Release|Any CPU.Build.0 = Release|Any CPU
		{B23328BA-C14D-4A92-B40E-27C15694B252}.Debug|Any CPU.ActiveCfg = Debug|Any CPU
		{B23328BA-C14D-4A92-B40E-27C15694B252}.Debug|Any CPU.Build.0 = Debug|Any CPU
		{B23328BA-C14D-4A92-B40E-27C15694B252}.Release|Any CPU.ActiveCfg = Release|Any CPU
		{B23328BA-C14D-4A92-B40E-27C15694B252}.Release|Any CPU.Build.0 = Release|Any CPU
		{6A04C86D-8883-408F-9A59-24FBF0035962}.Debug|Any CPU.ActiveCfg = Debug|Any CPU
		{6A04C86D-8883-408F-9A59-24FBF0035962}.Debug|Any CPU.Build.0 = Debug|Any CPU
		{6A04C86D-8883-408F-9A59-24FBF0035962}.Release|Any CPU.ActiveCfg = Release|Any CPU
		{6A04C86D-8883-408F-9A59-24FBF0035962}.Release|Any CPU.Build.0 = Release|Any CPU
		{57F335BC-95FA-4D72-B0E1-B6F49AEDD7E8}.Debug|Any CPU.ActiveCfg = Debug|Any CPU
		{57F335BC-95FA-4D72-B0E1-B6F49AEDD7E8}.Debug|Any CPU.Build.0 = Debug|Any CPU
		{57F335BC-95FA-4D72-B0E1-B6F49AEDD7E8}.Release|Any CPU.ActiveCfg = Release|Any CPU
		{57F335BC-95FA-4D72-B0E1-B6F49AEDD7E8}.Release|Any CPU.Build.0 = Release|Any CPU
		{1A1F246C-2270-4FB9-B842-535DA4A6F330}.Debug|Any CPU.ActiveCfg = Debug|Any CPU
		{1A1F246C-2270-4FB9-B842-535DA4A6F330}.Debug|Any CPU.Build.0 = Debug|Any CPU
		{1A1F246C-2270-4FB9-B842-535DA4A6F330}.Release|Any CPU.ActiveCfg = Release|Any CPU
		{1A1F246C-2270-4FB9-B842-535DA4A6F330}.Release|Any CPU.Build.0 = Release|Any CPU
		{92F03B67-0EDB-4A23-B4EA-EFEE43DA14BB}.Debug|Any CPU.ActiveCfg = Debug|Any CPU
		{92F03B67-0EDB-4A23-B4EA-EFEE43DA14BB}.Debug|Any CPU.Build.0 = Debug|Any CPU
		{92F03B67-0EDB-4A23-B4EA-EFEE43DA14BB}.Release|Any CPU.ActiveCfg = Release|Any CPU
		{92F03B67-0EDB-4A23-B4EA-EFEE43DA14BB}.Release|Any CPU.Build.0 = Release|Any CPU
		{C27F4571-0C61-4F0C-8636-9590DEE1B6A4}.Debug|Any CPU.ActiveCfg = Debug|Any CPU
		{C27F4571-0C61-4F0C-8636-9590DEE1B6A4}.Debug|Any CPU.Build.0 = Debug|Any CPU
		{C27F4571-0C61-4F0C-8636-9590DEE1B6A4}.Release|Any CPU.ActiveCfg = Release|Any CPU
		{C27F4571-0C61-4F0C-8636-9590DEE1B6A4}.Release|Any CPU.Build.0 = Release|Any CPU
		{5977C77B-FF5C-46CB-B80B-99C3BA1A2551}.Debug|Any CPU.ActiveCfg = Debug|Any CPU
		{5977C77B-FF5C-46CB-B80B-99C3BA1A2551}.Debug|Any CPU.Build.0 = Debug|Any CPU
		{5977C77B-FF5C-46CB-B80B-99C3BA1A2551}.Release|Any CPU.ActiveCfg = Release|Any CPU
		{5977C77B-FF5C-46CB-B80B-99C3BA1A2551}.Release|Any CPU.Build.0 = Release|Any CPU
	EndGlobalSection
	GlobalSection(SolutionProperties) = preSolution
		HideSolutionNode = FALSE
	EndGlobalSection
	GlobalSection(NestedProjects) = preSolution
		{4A00741C-A435-4CC3-BBD2-7040BF387AC5} = {A7ED050A-1B01-45B0-B3F3-43C3ED7D138E}
		{217AFEAD-16D9-4312-8418-538B509F9EBC} = {3A950F2D-ED1E-4EC9-AC8E-E3B1AE6E2EFF}
		{8962DC44-FFAA-4F3C-870E-335ADC76C63F} = {78C75D91-238A-481C-BEB7-3B5F6F720C33}
		{CC1D9869-FB56-4ED0-A43B-E45D89136BA0} = {D848B0A7-80CA-40C2-8367-2E41F2CF4543}
		{46EA5290-7982-4021-82FC-5322AE746838} = {CC1D9869-FB56-4ED0-A43B-E45D89136BA0}
		{77296375-67EA-4C43-8B57-369925FF051A} = {CC1D9869-FB56-4ED0-A43B-E45D89136BA0}
		{1080FDA2-37E2-4A65-818A-C0BA48E9EEB3} = {CC1D9869-FB56-4ED0-A43B-E45D89136BA0}
		{BF3710EF-DC55-4EF1-B55D-4635D9090FA6} = {CC1D9869-FB56-4ED0-A43B-E45D89136BA0}
		{75691590-0E7D-47D6-9E30-261089F68037} = {46EA5290-7982-4021-82FC-5322AE746838}
		{B4D7B6C7-D644-4B3C-9E6E-D9714D6788F4} = {BF3710EF-DC55-4EF1-B55D-4635D9090FA6}
		{B23328BA-C14D-4A92-B40E-27C15694B252} = {1080FDA2-37E2-4A65-818A-C0BA48E9EEB3}
		{6A04C86D-8883-408F-9A59-24FBF0035962} = {77296375-67EA-4C43-8B57-369925FF051A}
		{584C3F43-321C-4D2A-8A58-B96B2A9DA183} = {D848B0A7-80CA-40C2-8367-2E41F2CF4543}
		{5FF9D8A5-BF0B-48FB-B4BD-16312F191E8D} = {584C3F43-321C-4D2A-8A58-B96B2A9DA183}
		{E8B15776-C218-4A2A-9393-F89F5FBC8D3A} = {584C3F43-321C-4D2A-8A58-B96B2A9DA183}
		{BDC302E8-8A22-459B-888A-ED92A803DB7D} = {584C3F43-321C-4D2A-8A58-B96B2A9DA183}
		{CD5EEFAF-8467-48EB-9BAF-6C3594C9409D} = {584C3F43-321C-4D2A-8A58-B96B2A9DA183}
		{57F335BC-95FA-4D72-B0E1-B6F49AEDD7E8} = {5FF9D8A5-BF0B-48FB-B4BD-16312F191E8D}
		{1A1F246C-2270-4FB9-B842-535DA4A6F330} = {E8B15776-C218-4A2A-9393-F89F5FBC8D3A}
		{92F03B67-0EDB-4A23-B4EA-EFEE43DA14BB} = {BDC302E8-8A22-459B-888A-ED92A803DB7D}
		{C27F4571-0C61-4F0C-8636-9590DEE1B6A4} = {CD5EEFAF-8467-48EB-9BAF-6C3594C9409D}
		{5977C77B-FF5C-46CB-B80B-99C3BA1A2551} = {CFE7AD83-9FB2-4376-AF65-2AD51050B2D4}
	EndGlobalSection
	GlobalSection(ExtensibilityGlobals) = postSolution
		SolutionGuid = {2E777553-AEC0-42D1-8360-AD731DA4F2C8}
	EndGlobalSection
EndGlobal
